// !$*UTF8*$!
{
	archiveVersion = 1;
	classes = {
	};
	objectVersion = 46;
	objects = {

/* Begin PBXBuildFile section */
		6F6620271D96D1BA00CAB895 /* SwiftyImpress.framework in Frameworks */ = {isa = PBXBuildFile; fileRef = 6F6EB46E1D94A5F8008055B0 /* SwiftyImpress.framework */; };
		6F6620281D96D1BA00CAB895 /* SwiftyImpress.framework in Embed Frameworks */ = {isa = PBXBuildFile; fileRef = 6F6EB46E1D94A5F8008055B0 /* SwiftyImpress.framework */; settings = {ATTRIBUTES = (CodeSignOnCopy, RemoveHeadersOnCopy, ); }; };
		6F6EB44B1D94A575008055B0 /* AppDelegate.swift in Sources */ = {isa = PBXBuildFile; fileRef = 6F6EB44A1D94A575008055B0 /* AppDelegate.swift */; };
		6F6EB44D1D94A575008055B0 /* ViewController.swift in Sources */ = {isa = PBXBuildFile; fileRef = 6F6EB44C1D94A575008055B0 /* ViewController.swift */; };
		6F6EB4501D94A575008055B0 /* Main.storyboard in Resources */ = {isa = PBXBuildFile; fileRef = 6F6EB44E1D94A575008055B0 /* Main.storyboard */; };
		6F6EB4521D94A575008055B0 /* Assets.xcassets in Resources */ = {isa = PBXBuildFile; fileRef = 6F6EB4511D94A575008055B0 /* Assets.xcassets */; };
		6F6EB4551D94A575008055B0 /* LaunchScreen.storyboard in Resources */ = {isa = PBXBuildFile; fileRef = 6F6EB4531D94A575008055B0 /* LaunchScreen.storyboard */; };
/* End PBXBuildFile section */

/* Begin PBXContainerItemProxy section */
		6F6620291D96D1BA00CAB895 /* PBXContainerItemProxy */ = {
			isa = PBXContainerItemProxy;
			containerPortal = 6F6EB4691D94A5F8008055B0 /* SwiftyImpress.xcodeproj */;
			proxyType = 1;
			remoteGlobalIDString = 6F6EB4261D949F85008055B0;
			remoteInfo = SwiftyImpress;
		};
		6F6EB46D1D94A5F8008055B0 /* PBXContainerItemProxy */ = {
			isa = PBXContainerItemProxy;
			containerPortal = 6F6EB4691D94A5F8008055B0 /* SwiftyImpress.xcodeproj */;
			proxyType = 2;
			remoteGlobalIDString = 6F6EB4271D949F85008055B0;
			remoteInfo = SwiftyImpress;
		};
		6F6EB46F1D94A603008055B0 /* PBXContainerItemProxy */ = {
			isa = PBXContainerItemProxy;
			containerPortal = 6F6EB4691D94A5F8008055B0 /* SwiftyImpress.xcodeproj */;
			proxyType = 1;
			remoteGlobalIDString = 6F6EB4261D949F85008055B0;
			remoteInfo = SwiftyImpress;
		};
		6F8B11591DB287A4004C6001 /* PBXContainerItemProxy */ = {
			isa = PBXContainerItemProxy;
			containerPortal = 6F6EB4691D94A5F8008055B0 /* SwiftyImpress.xcodeproj */;
			proxyType = 2;
			remoteGlobalIDString = 6F8B114D1DB2815A004C6001;
			remoteInfo = "SwiftyImpress Tests";
		};
/* End PBXContainerItemProxy section */

/* Begin PBXCopyFilesBuildPhase section */
		6F66202B1D96D1BB00CAB895 /* Embed Frameworks */ = {
			isa = PBXCopyFilesBuildPhase;
			buildActionMask = 2147483647;
			dstPath = "";
			dstSubfolderSpec = 10;
			files = (
				6F6620281D96D1BA00CAB895 /* SwiftyImpress.framework in Embed Frameworks */,
			);
			name = "Embed Frameworks";
			runOnlyForDeploymentPostprocessing = 0;
		};
/* End PBXCopyFilesBuildPhase section */

/* Begin PBXFileReference section */
		6F6EB4471D94A575008055B0 /* iOS Example.app */ = {isa = PBXFileReference; explicitFileType = wrapper.application; includeInIndex = 0; path = "iOS Example.app"; sourceTree = BUILT_PRODUCTS_DIR; };
		6F6EB44A1D94A575008055B0 /* AppDelegate.swift */ = {isa = PBXFileReference; lastKnownFileType = sourcecode.swift; path = AppDelegate.swift; sourceTree = "<group>"; };
		6F6EB44C1D94A575008055B0 /* ViewController.swift */ = {isa = PBXFileReference; lastKnownFileType = sourcecode.swift; path = ViewController.swift; sourceTree = "<group>"; };
		6F6EB44F1D94A575008055B0 /* Base */ = {isa = PBXFileReference; lastKnownFileType = file.storyboard; name = Base; path = Base.lproj/Main.storyboard; sourceTree = "<group>"; };
		6F6EB4511D94A575008055B0 /* Assets.xcassets */ = {isa = PBXFileReference; lastKnownFileType = folder.assetcatalog; path = Assets.xcassets; sourceTree = "<group>"; };
		6F6EB4541D94A575008055B0 /* Base */ = {isa = PBXFileReference; lastKnownFileType = file.storyboard; name = Base; path = Base.lproj/LaunchScreen.storyboard; sourceTree = "<group>"; };
		6F6EB4561D94A575008055B0 /* Info.plist */ = {isa = PBXFileReference; lastKnownFileType = text.plist.xml; path = Info.plist; sourceTree = "<group>"; };
		6F6EB4691D94A5F8008055B0 /* SwiftyImpress.xcodeproj */ = {isa = PBXFileReference; lastKnownFileType = "wrapper.pb-project"; name = SwiftyImpress.xcodeproj; path = ../../SwiftyImpress.xcodeproj; sourceTree = "<group>"; };
/* End PBXFileReference section */

/* Begin PBXFrameworksBuildPhase section */
		6F6EB4441D94A575008055B0 /* Frameworks */ = {
			isa = PBXFrameworksBuildPhase;
			buildActionMask = 2147483647;
			files = (
				6F6620271D96D1BA00CAB895 /* SwiftyImpress.framework in Frameworks */,
			);
			runOnlyForDeploymentPostprocessing = 0;
		};
/* End PBXFrameworksBuildPhase section */

/* Begin PBXGroup section */
		6F6EB43E1D94A575008055B0 = {
			isa = PBXGroup;
			children = (
				6F6EB4491D94A575008055B0 /* iOS Example */,
				6F6EB4481D94A575008055B0 /* Products */,
				6F6EB4691D94A5F8008055B0 /* SwiftyImpress.xcodeproj */,
			);
			sourceTree = "<group>";
		};
		6F6EB4481D94A575008055B0 /* Products */ = {
			isa = PBXGroup;
			children = (
				6F6EB4471D94A575008055B0 /* iOS Example.app */,
			);
			name = Products;
			sourceTree = "<group>";
		};
		6F6EB4491D94A575008055B0 /* iOS Example */ = {
			isa = PBXGroup;
			children = (
				6F6EB44A1D94A575008055B0 /* AppDelegate.swift */,
				6F6EB44C1D94A575008055B0 /* ViewController.swift */,
				6F6EB44E1D94A575008055B0 /* Main.storyboard */,
				6F6EB4511D94A575008055B0 /* Assets.xcassets */,
				6F6EB4531D94A575008055B0 /* LaunchScreen.storyboard */,
				6F6EB4561D94A575008055B0 /* Info.plist */,
			);
			path = "iOS Example";
			sourceTree = "<group>";
		};
		6F6EB46A1D94A5F8008055B0 /* Products */ = {
			isa = PBXGroup;
			children = (
				6F6EB46E1D94A5F8008055B0 /* SwiftyImpress.framework */,
				6F8B115A1DB287A4004C6001 /* SwiftyImpress Tests.xctest */,
			);
			name = Products;
			sourceTree = "<group>";
		};
/* End PBXGroup section */

/* Begin PBXNativeTarget section */
		6F6EB4461D94A575008055B0 /* iOS Example */ = {
			isa = PBXNativeTarget;
			buildConfigurationList = 6F6EB4591D94A575008055B0 /* Build configuration list for PBXNativeTarget "iOS Example" */;
			buildPhases = (
				6F6EB4431D94A575008055B0 /* Sources */,
				6F6EB4441D94A575008055B0 /* Frameworks */,
				6F6EB4451D94A575008055B0 /* Resources */,
				6F66202B1D96D1BB00CAB895 /* Embed Frameworks */,
			);
			buildRules = (
			);
			dependencies = (
				6F6EB4701D94A603008055B0 /* PBXTargetDependency */,
				6F66202A1D96D1BA00CAB895 /* PBXTargetDependency */,
			);
			name = "iOS Example";
			productName = "iOS Example";
			productReference = 6F6EB4471D94A575008055B0 /* iOS Example.app */;
			productType = "com.apple.product-type.application";
		};
/* End PBXNativeTarget section */

/* Begin PBXProject section */
		6F6EB43F1D94A575008055B0 /* Project object */ = {
			isa = PBXProject;
			attributes = {
				LastSwiftUpdateCheck = 0800;
				LastUpgradeCheck = 0800;
				ORGANIZATIONNAME = "com.pluto-y";
				TargetAttributes = {
					6F6EB4461D94A575008055B0 = {
						CreatedOnToolsVersion = 8.0;
						LastSwiftMigration = 0800;
						ProvisioningStyle = Automatic;
					};
				};
			};
			buildConfigurationList = 6F6EB4421D94A575008055B0 /* Build configuration list for PBXProject "iOS Example" */;
			compatibilityVersion = "Xcode 3.2";
			developmentRegion = English;
			hasScannedForEncodings = 0;
			knownRegions = (
				en,
				Base,
			);
			mainGroup = 6F6EB43E1D94A575008055B0;
			productRefGroup = 6F6EB4481D94A575008055B0 /* Products */;
			projectDirPath = "";
			projectReferences = (
				{
					ProductGroup = 6F6EB46A1D94A5F8008055B0 /* Products */;
					ProjectRef = 6F6EB4691D94A5F8008055B0 /* SwiftyImpress.xcodeproj */;
				},
			);
			projectRoot = "";
			targets = (
				6F6EB4461D94A575008055B0 /* iOS Example */,
			);
		};
/* End PBXProject section */

/* Begin PBXReferenceProxy section */
		6F6EB46E1D94A5F8008055B0 /* SwiftyImpress.framework */ = {
			isa = PBXReferenceProxy;
			fileType = wrapper.framework;
			path = SwiftyImpress.framework;
			remoteRef = 6F6EB46D1D94A5F8008055B0 /* PBXContainerItemProxy */;
			sourceTree = BUILT_PRODUCTS_DIR;
		};
		6F8B115A1DB287A4004C6001 /* SwiftyImpress Tests.xctest */ = {
			isa = PBXReferenceProxy;
			fileType = wrapper.cfbundle;
			path = "SwiftyImpress Tests.xctest";
			remoteRef = 6F8B11591DB287A4004C6001 /* PBXContainerItemProxy */;
			sourceTree = BUILT_PRODUCTS_DIR;
		};
/* End PBXReferenceProxy section */

/* Begin PBXResourcesBuildPhase section */
		6F6EB4451D94A575008055B0 /* Resources */ = {
			isa = PBXResourcesBuildPhase;
			buildActionMask = 2147483647;
			files = (
				6F6EB4551D94A575008055B0 /* LaunchScreen.storyboard in Resources */,
				6F6EB4521D94A575008055B0 /* Assets.xcassets in Resources */,
				6F6EB4501D94A575008055B0 /* Main.storyboard in Resources */,
			);
			runOnlyForDeploymentPostprocessing = 0;
		};
/* End PBXResourcesBuildPhase section */

/* Begin PBXSourcesBuildPhase section */
		6F6EB4431D94A575008055B0 /* Sources */ = {
			isa = PBXSourcesBuildPhase;
			buildActionMask = 2147483647;
			files = (
				6F6EB44D1D94A575008055B0 /* ViewController.swift in Sources */,
				6F6EB44B1D94A575008055B0 /* AppDelegate.swift in Sources */,
			);
			runOnlyForDeploymentPostprocessing = 0;
		};
/* End PBXSourcesBuildPhase section */

/* Begin PBXTargetDependency section */
		6F66202A1D96D1BA00CAB895 /* PBXTargetDependency */ = {
			isa = PBXTargetDependency;
			name = SwiftyImpress;
			targetProxy = 6F6620291D96D1BA00CAB895 /* PBXContainerItemProxy */;
		};
		6F6EB4701D94A603008055B0 /* PBXTargetDependency */ = {
			isa = PBXTargetDependency;
			name = SwiftyImpress;
			targetProxy = 6F6EB46F1D94A603008055B0 /* PBXContainerItemProxy */;
		};
/* End PBXTargetDependency section */

/* Begin PBXVariantGroup section */
		6F6EB44E1D94A575008055B0 /* Main.storyboard */ = {
			isa = PBXVariantGroup;
			children = (
				6F6EB44F1D94A575008055B0 /* Base */,
			);
			name = Main.storyboard;
			sourceTree = "<group>";
		};
		6F6EB4531D94A575008055B0 /* LaunchScreen.storyboard */ = {
			isa = PBXVariantGroup;
			children = (
				6F6EB4541D94A575008055B0 /* Base */,
			);
			name = LaunchScreen.storyboard;
			sourceTree = "<group>";
		};
/* End PBXVariantGroup section */

/* Begin XCBuildConfiguration section */
		6F6EB4571D94A575008055B0 /* Debug */ = {
			isa = XCBuildConfiguration;
			buildSettings = {
				ALWAYS_SEARCH_USER_PATHS = NO;
				CLANG_ANALYZER_NONNULL = YES;
				CLANG_CXX_LANGUAGE_STANDARD = "gnu++0x";
				CLANG_CXX_LIBRARY = "libc++";
				CLANG_ENABLE_MODULES = YES;
				CLANG_ENABLE_OBJC_ARC = YES;
				CLANG_WARN_BOOL_CONVERSION = YES;
				CLANG_WARN_CONSTANT_CONVERSION = YES;
				CLANG_WARN_DIRECT_OBJC_ISA_USAGE = YES_ERROR;
				CLANG_WARN_DOCUMENTATION_COMMENTS = YES;
				CLANG_WARN_EMPTY_BODY = YES;
				CLANG_WARN_ENUM_CONVERSION = YES;
				CLANG_WARN_INFINITE_RECURSION = YES;
				CLANG_WARN_INT_CONVERSION = YES;
				CLANG_WARN_OBJC_ROOT_CLASS = YES_ERROR;
				CLANG_WARN_SUSPICIOUS_MOVES = YES;
				CLANG_WARN_UNREACHABLE_CODE = YES;
				CLANG_WARN__DUPLICATE_METHOD_MATCH = YES;
				"CODE_SIGN_IDENTITY[sdk=iphoneos*]" = "iPhone Developer";
				COPY_PHASE_STRIP = NO;
				DEBUG_INFORMATION_FORMAT = dwarf;
				ENABLE_STRICT_OBJC_MSGSEND = YES;
				ENABLE_TESTABILITY = YES;
				GCC_C_LANGUAGE_STANDARD = gnu99;
				GCC_DYNAMIC_NO_PIC = NO;
				GCC_NO_COMMON_BLOCKS = YES;
				GCC_OPTIMIZATION_LEVEL = 0;
				GCC_PREPROCESSOR_DEFINITIONS = (
					"DEBUG=1",
					"$(inherited)",
				);
				GCC_WARN_64_TO_32_BIT_CONVERSION = YES;
				GCC_WARN_ABOUT_RETURN_TYPE = YES_ERROR;
				GCC_WARN_UNDECLARED_SELECTOR = YES;
				GCC_WARN_UNINITIALIZED_AUTOS = YES_AGGRESSIVE;
				GCC_WARN_UNUSED_FUNCTION = YES;
				GCC_WARN_UNUSED_VARIABLE = YES;
				IPHONEOS_DEPLOYMENT_TARGET = 10.0;
				MTL_ENABLE_DEBUG_INFO = YES;
				ONLY_ACTIVE_ARCH = YES;
				SDKROOT = iphoneos;
				SWIFT_ACTIVE_COMPILATION_CONDITIONS = DEBUG;
				SWIFT_OPTIMIZATION_LEVEL = "-Onone";
			};
			name = Debug;
		};
		6F6EB4581D94A575008055B0 /* Release */ = {
			isa = XCBuildConfiguration;
			buildSettings = {
				ALWAYS_SEARCH_USER_PATHS = NO;
				CLANG_ANALYZER_NONNULL = YES;
				CLANG_CXX_LANGUAGE_STANDARD = "gnu++0x";
				CLANG_CXX_LIBRARY = "libc++";
				CLANG_ENABLE_MODULES = YES;
				CLANG_ENABLE_OBJC_ARC = YES;
				CLANG_WARN_BOOL_CONVERSION = YES;
				CLANG_WARN_CONSTANT_CONVERSION = YES;
				CLANG_WARN_DIRECT_OBJC_ISA_USAGE = YES_ERROR;
				CLANG_WARN_DOCUMENTATION_COMMENTS = YES;
				CLANG_WARN_EMPTY_BODY = YES;
				CLANG_WARN_ENUM_CONVERSION = YES;
				CLANG_WARN_INFINITE_RECURSION = YES;
				CLANG_WARN_INT_CONVERSION = YES;
				CLANG_WARN_OBJC_ROOT_CLASS = YES_ERROR;
				CLANG_WARN_SUSPICIOUS_MOVES = YES;
				CLANG_WARN_UNREACHABLE_CODE = YES;
				CLANG_WARN__DUPLICATE_METHOD_MATCH = YES;
				"CODE_SIGN_IDENTITY[sdk=iphoneos*]" = "iPhone Developer";
				COPY_PHASE_STRIP = NO;
				DEBUG_INFORMATION_FORMAT = "dwarf-with-dsym";
				ENABLE_NS_ASSERTIONS = NO;
				ENABLE_STRICT_OBJC_MSGSEND = YES;
				GCC_C_LANGUAGE_STANDARD = gnu99;
				GCC_NO_COMMON_BLOCKS = YES;
				GCC_WARN_64_TO_32_BIT_CONVERSION = YES;
				GCC_WARN_ABOUT_RETURN_TYPE = YES_ERROR;
				GCC_WARN_UNDECLARED_SELECTOR = YES;
				GCC_WARN_UNINITIALIZED_AUTOS = YES_AGGRESSIVE;
				GCC_WARN_UNUSED_FUNCTION = YES;
				GCC_WARN_UNUSED_VARIABLE = YES;
				IPHONEOS_DEPLOYMENT_TARGET = 10.0;
				MTL_ENABLE_DEBUG_INFO = NO;
				SDKROOT = iphoneos;
				SWIFT_OPTIMIZATION_LEVEL = "-Owholemodule";
				VALIDATE_PRODUCT = YES;
			};
			name = Release;
		};
		6F6EB45A1D94A575008055B0 /* Debug */ = {
			isa = XCBuildConfiguration;
			buildSettings = {
				ALWAYS_EMBED_SWIFT_STANDARD_LIBRARIES = YES;
				ASSETCATALOG_COMPILER_APPICON_NAME = AppIcon;
				INFOPLIST_FILE = "iOS Example/Info.plist";
				LD_RUNPATH_SEARCH_PATHS = "$(inherited) @executable_path/Frameworks";
				PRODUCT_BUNDLE_IDENTIFIER = "com.pluto-y.iOS-Example";
				PRODUCT_NAME = "$(TARGET_NAME)";
				SWIFT_VERSION = 3.0;
			};
			name = Debug;
		};
		6F6EB45B1D94A575008055B0 /* Release */ = {
			isa = XCBuildConfiguration;
			buildSettings = {
				ALWAYS_EMBED_SWIFT_STANDARD_LIBRARIES = YES;
				ASSETCATALOG_COMPILER_APPICON_NAME = AppIcon;
				INFOPLIST_FILE = "iOS Example/Info.plist";
				LD_RUNPATH_SEARCH_PATHS = "$(inherited) @executable_path/Frameworks";
				PRODUCT_BUNDLE_IDENTIFIER = "com.pluto-y.iOS-Example";
				PRODUCT_NAME = "$(TARGET_NAME)";
				SWIFT_VERSION = 3.0;
			};
			name = Release;
		};
/* End XCBuildConfiguration section */

/* Begin XCConfigurationList section */
		6F6EB4421D94A575008055B0 /* Build configuration list for PBXProject "iOS Example" */ = {
			isa = XCConfigurationList;
			buildConfigurations = (
				6F6EB4571D94A575008055B0 /* Debug */,
				6F6EB4581D94A575008055B0 /* Release */,
			);
			defaultConfigurationIsVisible = 0;
			defaultConfigurationName = Release;
		};
		6F6EB4591D94A575008055B0 /* Build configuration list for PBXNativeTarget "iOS Example" */ = {
			isa = XCConfigurationList;
			buildConfigurations = (
				6F6EB45A1D94A575008055B0 /* Debug */,
				6F6EB45B1D94A575008055B0 /* Release */,
			);
			defaultConfigurationIsVisible = 0;
			defaultConfigurationName = Release;
		};
/* End XCConfigurationList section */
	};
	rootObject = 6F6EB43F1D94A575008055B0 /* Project object */;
}
